
Microsoft Visual Studio Solution File, Format Version 12.00
# Visual Studio Version 17
VisualStudioVersion = 17.9.34607.119
MinimumVisualStudioVersion = 10.0.40219.1
Project("{FAE04EC0-301F-11D3-BF4B-00C04F79EFBC}") = "MethodsDemoCSharp-45", "MethodsDemoCSharp-45\MethodsDemoCSharp-45.csproj", "{A049E1C9-BA35-463B-8525-455972BE8B34}"
EndProject
Global
	GlobalSection(SolutionConfigurationPlatforms) = preSolution
		Debug|Any CPU = Debug|Any CPU
		Release|Any CPU = Release|Any CPU
	EndGlobalSection
	GlobalSection(ProjectConfigurationPlatforms) = postSolution
		{A049E1C9-BA35-463B-8525-455972BE8B34}.Debug|Any CPU.ActiveCfg = Debug|Any CPU
		{A049E1C9-BA35-463B-8525-455972BE8B34}.Debug|Any CPU.Build.0 = Debug|Any CPU
		{A049E1C9-BA35-463B-8525-455972BE8B34}.Release|Any CPU.ActiveCfg = Release|Any CPU
		{A049E1C9-BA35-463B-8525-455972BE8B34}.Release|Any CPU.Build.0 = Release|Any CPU
	EndGlobalSection
	GlobalSection(SolutionProperties) = preSolution
		HideSolutionNode = FALSE
	EndGlobalSection
	GlobalSection(ExtensibilityGlobals) = postSolution
		SolutionGuid = {1EE97CE4-EBCA-4398-A133-F513ACC3424F}
	EndGlobalSection
EndGlobal
